
Microsoft Visual Studio Solution File, Format Version 12.00
# Visual Studio Version 16
VisualStudioVersion = 16.0.30621.155
MinimumVisualStudioVersion = 10.0.40219.1
Project("{FAE04EC0-301F-11D3-BF4B-00C04F79EFBC}") = "Cliente_Zodeiaco_WS", "Cliente_Zodeiaco_WS.csproj", "{47253BAD-D7D4-45A2-8C6F-86AD45879F64}"
EndProject
Global
	GlobalSection(SolutionConfigurationPlatforms) = preSolution
		Debug|Any CPU = Debug|Any CPU
		Release|Any CPU = Release|Any CPU
	EndGlobalSection
	GlobalSection(ProjectConfigurationPlatforms) = postSolution
		{47253BAD-D7D4-45A2-8C6F-86AD45879F64}.Debug|Any CPU.ActiveCfg = Debug|Any CPU
		{47253BAD-D7D4-45A2-8C6F-86AD45879F64}.Debug|Any CPU.Build.0 = Debug|Any CPU
		{47253BAD-D7D4-45A2-8C6F-86AD45879F64}.Release|Any CPU.ActiveCfg = Release|Any CPU
		{47253BAD-D7D4-45A2-8C6F-86AD45879F64}.Release|Any CPU.Build.0 = Release|Any CPU
	EndGlobalSection
	GlobalSection(SolutionProperties) = preSolution
		HideSolutionNode = FALSE
	EndGlobalSection
	GlobalSection(ExtensibilityGlobals) = postSolution
		SolutionGuid = {E76BEF7E-2A89-4D0B-A7DE-363A6F97BA99}
	EndGlobalSection
EndGlobal
